Microsoft Visual Studio Solution File, Format Version 12.00
# Visual Studio Version 17
VisualStudioVersion = 17.5.2.0
MinimumVisualStudioVersion = 10.0.40219.1
Project("{FAE04EC0-301F-11D3-BF4B-00C04F79EFBC}") = "ProjectDaikoku", "ProjectDaikoku.csproj", "{464108A4-6277-4773-B26A-4F004FA6F8BE}"
EndProject
Global
	GlobalSection(SolutionConfigurationPlatforms) = preSolution
		Debug|Any CPU = Debug|Any CPU
		Release|Any CPU = Release|Any CPU
	EndGlobalSection
	GlobalSection(ProjectConfigurationPlatforms) = postSolution
		{464108A4-6277-4773-B26A-4F004FA6F8BE}.Debug|Any CPU.ActiveCfg = Debug|Any CPU
		{464108A4-6277-4773-B26A-4F004FA6F8BE}.Debug|Any CPU.Build.0 = Debug|Any CPU
		{464108A4-6277-4773-B26A-4F004FA6F8BE}.Release|Any CPU.ActiveCfg = Release|Any CPU
		{464108A4-6277-4773-B26A-4F004FA6F8BE}.Release|Any CPU.Build.0 = Release|Any CPU
	EndGlobalSection
	GlobalSection(SolutionProperties) = preSolution
		HideSolutionNode = FALSE
	EndGlobalSection
	GlobalSection(ExtensibilityGlobals) = postSolution
		SolutionGuid = {E307A00C-C46F-4FEB-A870-4E2923EF25AB}
	EndGlobalSection
EndGlobal
